# Whale Acoustic Lab production compatibility lock
#
# Python: 3.10 (Modal image)
# This file locks the direct/runtime roots and Git sources that define the
# tested WhAM image. It is intentionally not a claim that every transitive
# wheel in a previously built Modal image has been captured. See SBOM.md and
# DEPENDENCY_POLICY.md before rebuilding that image.

Cython==3.2.8
numpy==1.23.5
torch==2.1.2
torchaudio==2.1.2
torchvision==0.16.2
fastapi==0.115.11
python-multipart==0.0.20
openai==2.46.0
pydantic==2.10.6

# Project CETI WhAM/VampNet and required Git dependencies. The image removes
# VampNet's unused WaveBeat installer declaration before installation; the
# embedding-only API never supplies a beat-tracker checkpoint or calls the
# beat-mask methods.
vampnet @ git+https://github.com/Project-CETI/wham.git@00a8b787c040db23cd51ac4417481a09ac354985#subdirectory=vampnet
lac @ git+https://github.com/hugofloresgarcia/lac.git@7761206878d1fba79aad314a38f975e9589af0a4
descript-audiotools @ git+https://github.com/hugofloresgarcia/audiotools.git@54eecf66f38af6a15bd8c42f44c9f3e1746892bb
